{
  "name": "durable-workflow-orchestration-platform",
  "version": "1.0.0",
  "lockfileVersion": 3,
  "requires": true,
  "packages": {
    "": {
      "name": "durable-workflow-orchestration-platform",
      "version": "1.0.0",
      "license": "ISC",
      "workspaces": [
        "apps/*",
        "packages/*"
      ]
    },
    "apps/api": {
      "name": "@orchestrator/api",
      "version": "1.0.0",
      "license": "ISC"
    },
    "apps/worker": {
      "name": "@orchestrator/worker",
      "version": "1.0.0",
      "license": "ISC"
    },
    "node_modules/@orchestrator/api": {
      "resolved": "apps/api",
      "link": true
    },
    "node_modules/@orchestrator/sdk": {
      "resolved": "packages/sdk",
      "link": true
    },
    "node_modules/@orchestrator/shared-types": {
      "resolved": "packages/shared-types",
      "link": true
    },
    "node_modules/@orchestrator/worker": {
      "resolved": "apps/worker",
      "link": true
    },
    "packages/sdk": {
      "name": "@orchestrator/sdk",
      "version": "1.0.0",
      "license": "ISC"
    },
    "packages/shared-types": {
      "name": "@orchestrator/shared-types",
      "version": "1.0.0",
      "license": "ISC"
    }
  }
}
